
Microsoft Visual Studio Solution File, Format Version 12.00
# Visual Studio Version 17
VisualStudioVersion = 17.7.34003.232
MinimumVisualStudioVersion = 10.0.40219.1
Project("{9A19103F-16F7-4668-BE54-9A1E7A4F7556}") = "Catalog.Api", "Catalog.Api\Catalog.Api.csproj", "{51A228FA-F573-44DA-A06A-CB1F0CDF4FBC}"
EndProject
Project("{E53339B2-1760-4266-BCC7-CA923CBCF16C}") = "docker-compose", "docker-compose.dcproj", "{51020F5B-FCFE-4F5E-B3DC-017DD70DDFB3}"
EndProject
Project("{2150E333-8FDC-42A3-9474-1A3956D46DE8}") = "Catalog", "Catalog", "{1A0839D4-2E06-4028-8164-9265901399DE}"
EndProject
Project("{2150E333-8FDC-42A3-9474-1A3956D46DE8}") = "Basket", "Basket", "{C4D61B85-3D34-405A-B43C-E2CC229542B2}"
EndProject
Project("{9A19103F-16F7-4668-BE54-9A1E7A4F7556}") = "Basket.Api", "Basket.Api\Basket.Api.csproj", "{75B9D54D-DA32-49C0-ACE4-A06F347C8EF7}"
EndProject
Project("{2150E333-8FDC-42A3-9474-1A3956D46DE8}") = "Inventory", "Inventory", "{2CAE7500-2C7F-4AAC-B3AF-AA3FA751720D}"
EndProject
Project("{9A19103F-16F7-4668-BE54-9A1E7A4F7556}") = "Inventory.grpc", "Inventory.grpc\Inventory.grpc.csproj", "{0AA88ECF-160A-47C1-BE42-289446BBEC79}"
EndProject
Project("{2150E333-8FDC-42A3-9474-1A3956D46DE8}") = "Ordering", "Ordering", "{57C3237E-E867-43BD-8D5D-F7BABF9661EE}"
EndProject
Project("{9A19103F-16F7-4668-BE54-9A1E7A4F7556}") = "Ordering.Api", "Ordering.Api\Ordering.Api.csproj", "{961DD7E5-C293-44F8-B96B-9B16C37D05D2}"
EndProject
Project("{9A19103F-16F7-4668-BE54-9A1E7A4F7556}") = "Ordering.Domain", "Ordering.Domain\Ordering.Domain.csproj", "{ECFAF386-EE78-4572-B608-978E09F6471E}"
EndProject
Project("{9A19103F-16F7-4668-BE54-9A1E7A4F7556}") = "Ordering.Infrastructure", "Ordering.Infrastructure\Ordering.Infrastructure.csproj", "{6CD09A8A-C7B7-4BB2-A914-B2E8A5AD34AD}"
EndProject
Project("{9A19103F-16F7-4668-BE54-9A1E7A4F7556}") = "Ordering.Application", "Ordering.Application\Ordering.Application.csproj", "{066E5F83-3260-4861-BFEB-3464F4BB1002}"
EndProject
Project("{9A19103F-16F7-4668-BE54-9A1E7A4F7556}") = "Ordering.Test", "Ordering.Test\Ordering.Test.csproj", "{AA21756F-F314-490C-9C96-F3AF2C254F3B}"
EndProject
Project("{2150E333-8FDC-42A3-9474-1A3956D46DE8}") = "BuildingBlocks", "BuildingBlocks", "{46369241-F574-4937-B099-E903B8F34C15}"
EndProject
Project("{9A19103F-16F7-4668-BE54-9A1E7A4F7556}") = "EventBus.Messages", "EventBus.Messages\EventBus.Messages.csproj", "{6EE876F7-5DFC-4DC0-BB3C-767E284E55EB}"
EndProject
Project("{2150E333-8FDC-42A3-9474-1A3956D46DE8}") = "Identity", "Identity", "{C3D6BB8D-AC93-4722-A7FD-AACE4D1712F9}"
EndProject
Project("{9A19103F-16F7-4668-BE54-9A1E7A4F7556}") = "Authentication.api", "Authentication.api\Authentication.api.csproj", "{BE423F4A-18FA-4806-8514-E29C7279CCFE}"
EndProject
Project("{2150E333-8FDC-42A3-9474-1A3956D46DE8}") = "Gateway", "Gateway", "{1E6D87D2-DE59-4ACD-B2D9-7E7C6EC51FDB}"
EndProject
Project("{FAE04EC0-301F-11D3-BF4B-00C04F79EFBC}") = "ApiGateway", "ApiGateway\ApiGateway.csproj", "{982D9283-D50A-4057-AABB-69152A50E0E4}"
EndProject
Global
	GlobalSection(SolutionConfigurationPlatforms) = preSolution
		Debug|Any CPU = Debug|Any CPU
		Release|Any CPU = Release|Any CPU
	EndGlobalSection
	GlobalSection(ProjectConfigurationPlatforms) = postSolution
		{51A228FA-F573-44DA-A06A-CB1F0CDF4FBC}.Debug|Any CPU.ActiveCfg = Debug|Any CPU
		{51A228FA-F573-44DA-A06A-CB1F0CDF4FBC}.Debug|Any CPU.Build.0 = Debug|Any CPU
		{51A228FA-F573-44DA-A06A-CB1F0CDF4FBC}.Release|Any CPU.ActiveCfg = Release|Any CPU
		{51A228FA-F573-44DA-A06A-CB1F0CDF4FBC}.Release|Any CPU.Build.0 = Release|Any CPU
		{51020F5B-FCFE-4F5E-B3DC-017DD70DDFB3}.Debug|Any CPU.ActiveCfg = Debug|Any CPU
		{51020F5B-FCFE-4F5E-B3DC-017DD70DDFB3}.Debug|Any CPU.Build.0 = Debug|Any CPU
		{51020F5B-FCFE-4F5E-B3DC-017DD70DDFB3}.Release|Any CPU.ActiveCfg = Release|Any CPU
		{51020F5B-FCFE-4F5E-B3DC-017DD70DDFB3}.Release|Any CPU.Build.0 = Release|Any CPU
		{75B9D54D-DA32-49C0-ACE4-A06F347C8EF7}.Debug|Any CPU.ActiveCfg = Debug|Any CPU
		{75B9D54D-DA32-49C0-ACE4-A06F347C8EF7}.Debug|Any CPU.Build.0 = Debug|Any CPU
		{75B9D54D-DA32-49C0-ACE4-A06F347C8EF7}.Release|Any CPU.ActiveCfg = Release|Any CPU
		{75B9D54D-DA32-49C0-ACE4-A06F347C8EF7}.Release|Any CPU.Build.0 = Release|Any CPU
		{0AA88ECF-160A-47C1-BE42-289446BBEC79}.Debug|Any CPU.ActiveCfg = Debug|Any CPU
		{0AA88ECF-160A-47C1-BE42-289446BBEC79}.Debug|Any CPU.Build.0 = Debug|Any CPU
		{0AA88ECF-160A-47C1-BE42-289446BBEC79}.Release|Any CPU.ActiveCfg = Release|Any CPU
		{0AA88ECF-160A-47C1-BE42-289446BBEC79}.Release|Any CPU.Build.0 = Release|Any CPU
		{961DD7E5-C293-44F8-B96B-9B16C37D05D2}.Debug|Any CPU.ActiveCfg = Debug|Any CPU
		{961DD7E5-C293-44F8-B96B-9B16C37D05D2}.Debug|Any CPU.Build.0 = Debug|Any CPU
		{961DD7E5-C293-44F8-B96B-9B16C37D05D2}.Release|Any CPU.ActiveCfg = Release|Any CPU
		{961DD7E5-C293-44F8-B96B-9B16C37D05D2}.Release|Any CPU.Build.0 = Release|Any CPU
		{ECFAF386-EE78-4572-B608-978E09F6471E}.Debug|Any CPU.ActiveCfg = Debug|Any CPU
		{ECFAF386-EE78-4572-B608-978E09F6471E}.Debug|Any CPU.Build.0 = Debug|Any CPU
		{ECFAF386-EE78-4572-B608-978E09F6471E}.Release|Any CPU.ActiveCfg = Release|Any CPU
		{ECFAF386-EE78-4572-B608-978E09F6471E}.Release|Any CPU.Build.0 = Release|Any CPU
		{6CD09A8A-C7B7-4BB2-A914-B2E8A5AD34AD}.Debug|Any CPU.ActiveCfg = Debug|Any CPU
		{6CD09A8A-C7B7-4BB2-A914-B2E8A5AD34AD}.Debug|Any CPU.Build.0 = Debug|Any CPU
		{6CD09A8A-C7B7-4BB2-A914-B2E8A5AD34AD}.Release|Any CPU.ActiveCfg = Release|Any CPU
		{6CD09A8A-C7B7-4BB2-A914-B2E8A5AD34AD}.Release|Any CPU.Build.0 = Release|Any CPU
		{066E5F83-3260-4861-BFEB-3464F4BB1002}.Debug|Any CPU.ActiveCfg = Debug|Any CPU
		{066E5F83-3260-4861-BFEB-3464F4BB1002}.Debug|Any CPU.Build.0 = Debug|Any CPU
		{066E5F83-3260-4861-BFEB-3464F4BB1002}.Release|Any CPU.ActiveCfg = Release|Any CPU
		{066E5F83-3260-4861-BFEB-3464F4BB1002}.Release|Any CPU.Build.0 = Release|Any CPU
		{AA21756F-F314-490C-9C96-F3AF2C254F3B}.Debug|Any CPU.ActiveCfg = Debug|Any CPU
		{AA21756F-F314-490C-9C96-F3AF2C254F3B}.Debug|Any CPU.Build.0 = Debug|Any CPU
		{AA21756F-F314-490C-9C96-F3AF2C254F3B}.Release|Any CPU.ActiveCfg = Release|Any CPU
		{AA21756F-F314-490C-9C96-F3AF2C254F3B}.Release|Any CPU.Build.0 = Release|Any CPU
		{6EE876F7-5DFC-4DC0-BB3C-767E284E55EB}.Debug|Any CPU.ActiveCfg = Debug|Any CPU
		{6EE876F7-5DFC-4DC0-BB3C-767E284E55EB}.Debug|Any CPU.Build.0 = Debug|Any CPU
		{6EE876F7-5DFC-4DC0-BB3C-767E284E55EB}.Release|Any CPU.ActiveCfg = Release|Any CPU
		{6EE876F7-5DFC-4DC0-BB3C-767E284E55EB}.Release|Any CPU.Build.0 = Release|Any CPU
		{BE423F4A-18FA-4806-8514-E29C7279CCFE}.Debug|Any CPU.ActiveCfg = Debug|Any CPU
		{BE423F4A-18FA-4806-8514-E29C7279CCFE}.Debug|Any CPU.Build.0 = Debug|Any CPU
		{BE423F4A-18FA-4806-8514-E29C7279CCFE}.Release|Any CPU.ActiveCfg = Release|Any CPU
		{BE423F4A-18FA-4806-8514-E29C7279CCFE}.Release|Any CPU.Build.0 = Release|Any CPU
		{982D9283-D50A-4057-AABB-69152A50E0E4}.Debug|Any CPU.ActiveCfg = Debug|Any CPU
		{982D9283-D50A-4057-AABB-69152A50E0E4}.Debug|Any CPU.Build.0 = Debug|Any CPU
		{982D9283-D50A-4057-AABB-69152A50E0E4}.Release|Any CPU.ActiveCfg = Release|Any CPU
		{982D9283-D50A-4057-AABB-69152A50E0E4}.Release|Any CPU.Build.0 = Release|Any CPU
	EndGlobalSection
	GlobalSection(SolutionProperties) = preSolution
		HideSolutionNode = FALSE
	EndGlobalSection
	GlobalSection(NestedProjects) = preSolution
		{51A228FA-F573-44DA-A06A-CB1F0CDF4FBC} = {1A0839D4-2E06-4028-8164-9265901399DE}
		{75B9D54D-DA32-49C0-ACE4-A06F347C8EF7} = {C4D61B85-3D34-405A-B43C-E2CC229542B2}
		{0AA88ECF-160A-47C1-BE42-289446BBEC79} = {2CAE7500-2C7F-4AAC-B3AF-AA3FA751720D}
		{961DD7E5-C293-44F8-B96B-9B16C37D05D2} = {57C3237E-E867-43BD-8D5D-F7BABF9661EE}
		{ECFAF386-EE78-4572-B608-978E09F6471E} = {57C3237E-E867-43BD-8D5D-F7BABF9661EE}
		{6CD09A8A-C7B7-4BB2-A914-B2E8A5AD34AD} = {57C3237E-E867-43BD-8D5D-F7BABF9661EE}
		{066E5F83-3260-4861-BFEB-3464F4BB1002} = {57C3237E-E867-43BD-8D5D-F7BABF9661EE}
		{AA21756F-F314-490C-9C96-F3AF2C254F3B} = {57C3237E-E867-43BD-8D5D-F7BABF9661EE}
		{6EE876F7-5DFC-4DC0-BB3C-767E284E55EB} = {46369241-F574-4937-B099-E903B8F34C15}
		{BE423F4A-18FA-4806-8514-E29C7279CCFE} = {C3D6BB8D-AC93-4722-A7FD-AACE4D1712F9}
		{982D9283-D50A-4057-AABB-69152A50E0E4} = {1E6D87D2-DE59-4ACD-B2D9-7E7C6EC51FDB}
	EndGlobalSection
	GlobalSection(ExtensibilityGlobals) = postSolution
		SolutionGuid = {2C782A3F-6D69-4C44-B9D3-07435D13FEEC}
	EndGlobalSection
EndGlobal
